
Microsoft Visual Studio Solution File, Format Version 12.00
# Visual Studio Version 17
VisualStudioVersion = 17.2.32630.192
MinimumVisualStudioVersion = 10.0.40219.1
Project("{9A19103F-16F7-4668-BE54-9A1E7A4F7556}") = "MyAspDemos", "MyAspDemos\MyAspDemos.csproj", "{8A67CB8C-CD4D-4E04-BD9D-2EEE01A755B1}"
EndProject
Project("{9A19103F-16F7-4668-BE54-9A1E7A4F7556}") = "ECommerce", "ECommerce\ECommerce.csproj", "{B8C7263C-69B6-462F-9DBA-0C50BD82A847}"
EndProject
Project("{9A19103F-16F7-4668-BE54-9A1E7A4F7556}") = "EmployeeForm", "EmployeeForm\EmployeeForm.csproj", "{B9E45A43-DEC3-4AD0-A2E2-45FB16FE1783}"
EndProject
Project("{9A19103F-16F7-4668-BE54-9A1E7A4F7556}") = "ShopProduct", "ShopProduct\ShopProduct.csproj", "{6D012B8B-EC55-4937-AF7D-E92C64987543}"
EndProject
Project("{9A19103F-16F7-4668-BE54-9A1E7A4F7556}") = "BootstrapDemo1", "BootstrapDemo1\BootstrapDemo1.csproj", "{8C30DFD3-43B6-4B05-A5B2-B57562838190}"
EndProject
Project("{9A19103F-16F7-4668-BE54-9A1E7A4F7556}") = "Bootstrap2", "Bootstrap2\Bootstrap2.csproj", "{B146036A-8445-4769-B6FF-CB979D7FAD67}"
EndProject
Project("{9A19103F-16F7-4668-BE54-9A1E7A4F7556}") = "Restaurant1", "Restaurant1\Restaurant1.csproj", "{1D5E3325-DBDB-4829-BA6F-81FA8A09D9AF}"
EndProject
Project("{9A19103F-16F7-4668-BE54-9A1E7A4F7556}") = "WebApplication1", "WebApplication2\WebApplication1.csproj", "{5B2B72B6-E0AF-46EC-9368-88CBE80BBAEF}"
EndProject
Project("{2150E333-8FDC-42A3-9474-1A3956D46DE8}") = "Solution Items", "Solution Items", "{2EE76D68-4389-49BE-935F-C5E2F79BC0B3}"
	ProjectSection(SolutionItems) = preProject
		ReadMe.txt = ReadMe.txt
	EndProjectSection
EndProject
Project("{9A19103F-16F7-4668-BE54-9A1E7A4F7556}") = "Restaurant", "Restaurant\Restaurant.csproj", "{C459F3F4-B478-4F33-9F02-1549B08C9454}"
EndProject
Project("{9A19103F-16F7-4668-BE54-9A1E7A4F7556}") = "MyAspDemos.xUnitTestProject", "MyAspDemos.xUnitTestProject\MyAspDemos.xUnitTestProject.csproj", "{AF5823CC-3E96-44C2-8704-F59E7C44DBF2}"
EndProject
Project("{FAE04EC0-301F-11D3-BF4B-00C04F79EFBC}") = "Restaurant.xUnitTestProject", "Restaurant.xUnitTestProject\Restaurant.xUnitTestProject.csproj", "{E396A433-E54D-4110-AA5F-389BDFC7B53F}"
EndProject
Global
	GlobalSection(SolutionConfigurationPlatforms) = preSolution
		Debug|Any CPU = Debug|Any CPU
		Release|Any CPU = Release|Any CPU
	EndGlobalSection
	GlobalSection(ProjectConfigurationPlatforms) = postSolution
		{8A67CB8C-CD4D-4E04-BD9D-2EEE01A755B1}.Debug|Any CPU.ActiveCfg = Debug|Any CPU
		{8A67CB8C-CD4D-4E04-BD9D-2EEE01A755B1}.Debug|Any CPU.Build.0 = Debug|Any CPU
		{8A67CB8C-CD4D-4E04-BD9D-2EEE01A755B1}.Release|Any CPU.ActiveCfg = Release|Any CPU
		{8A67CB8C-CD4D-4E04-BD9D-2EEE01A755B1}.Release|Any CPU.Build.0 = Release|Any CPU
		{B8C7263C-69B6-462F-9DBA-0C50BD82A847}.Debug|Any CPU.ActiveCfg = Debug|Any CPU
		{B8C7263C-69B6-462F-9DBA-0C50BD82A847}.Debug|Any CPU.Build.0 = Debug|Any CPU
		{B8C7263C-69B6-462F-9DBA-0C50BD82A847}.Release|Any CPU.ActiveCfg = Release|Any CPU
		{B8C7263C-69B6-462F-9DBA-0C50BD82A847}.Release|Any CPU.Build.0 = Release|Any CPU
		{B9E45A43-DEC3-4AD0-A2E2-45FB16FE1783}.Debug|Any CPU.ActiveCfg = Debug|Any CPU
		{B9E45A43-DEC3-4AD0-A2E2-45FB16FE1783}.Debug|Any CPU.Build.0 = Debug|Any CPU
		{B9E45A43-DEC3-4AD0-A2E2-45FB16FE1783}.Release|Any CPU.ActiveCfg = Release|Any CPU
		{B9E45A43-DEC3-4AD0-A2E2-45FB16FE1783}.Release|Any CPU.Build.0 = Release|Any CPU
		{6D012B8B-EC55-4937-AF7D-E92C64987543}.Debug|Any CPU.ActiveCfg = Debug|Any CPU
		{6D012B8B-EC55-4937-AF7D-E92C64987543}.Debug|Any CPU.Build.0 = Debug|Any CPU
		{6D012B8B-EC55-4937-AF7D-E92C64987543}.Release|Any CPU.ActiveCfg = Release|Any CPU
		{6D012B8B-EC55-4937-AF7D-E92C64987543}.Release|Any CPU.Build.0 = Release|Any CPU
		{8C30DFD3-43B6-4B05-A5B2-B57562838190}.Debug|Any CPU.ActiveCfg = Debug|Any CPU
		{8C30DFD3-43B6-4B05-A5B2-B57562838190}.Debug|Any CPU.Build.0 = Debug|Any CPU
		{8C30DFD3-43B6-4B05-A5B2-B57562838190}.Release|Any CPU.ActiveCfg = Release|Any CPU
		{8C30DFD3-43B6-4B05-A5B2-B57562838190}.Release|Any CPU.Build.0 = Release|Any CPU
		{B146036A-8445-4769-B6FF-CB979D7FAD67}.Debug|Any CPU.ActiveCfg = Debug|Any CPU
		{B146036A-8445-4769-B6FF-CB979D7FAD67}.Debug|Any CPU.Build.0 = Debug|Any CPU
		{B146036A-8445-4769-B6FF-CB979D7FAD67}.Release|Any CPU.ActiveCfg = Release|Any CPU
		{B146036A-8445-4769-B6FF-CB979D7FAD67}.Release|Any CPU.Build.0 = Release|Any CPU
		{1D5E3325-DBDB-4829-BA6F-81FA8A09D9AF}.Debug|Any CPU.ActiveCfg = Debug|Any CPU
		{1D5E3325-DBDB-4829-BA6F-81FA8A09D9AF}.Debug|Any CPU.Build.0 = Debug|Any CPU
		{1D5E3325-DBDB-4829-BA6F-81FA8A09D9AF}.Release|Any CPU.ActiveCfg = Release|Any CPU
		{1D5E3325-DBDB-4829-BA6F-81FA8A09D9AF}.Release|Any CPU.Build.0 = Release|Any CPU
		{5B2B72B6-E0AF-46EC-9368-88CBE80BBAEF}.Debug|Any CPU.ActiveCfg = Debug|Any CPU
		{5B2B72B6-E0AF-46EC-9368-88CBE80BBAEF}.Debug|Any CPU.Build.0 = Debug|Any CPU
		{5B2B72B6-E0AF-46EC-9368-88CBE80BBAEF}.Release|Any CPU.ActiveCfg = Release|Any CPU
		{5B2B72B6-E0AF-46EC-9368-88CBE80BBAEF}.Release|Any CPU.Build.0 = Release|Any CPU
		{C459F3F4-B478-4F33-9F02-1549B08C9454}.Debug|Any CPU.ActiveCfg = Debug|Any CPU
		{C459F3F4-B478-4F33-9F02-1549B08C9454}.Debug|Any CPU.Build.0 = Debug|Any CPU
		{C459F3F4-B478-4F33-9F02-1549B08C9454}.Release|Any CPU.ActiveCfg = Release|Any CPU
		{C459F3F4-B478-4F33-9F02-1549B08C9454}.Release|Any CPU.Build.0 = Release|Any CPU
		{AF5823CC-3E96-44C2-8704-F59E7C44DBF2}.Debug|Any CPU.ActiveCfg = Debug|Any CPU
		{AF5823CC-3E96-44C2-8704-F59E7C44DBF2}.Debug|Any CPU.Build.0 = Debug|Any CPU
		{AF5823CC-3E96-44C2-8704-F59E7C44DBF2}.Release|Any CPU.ActiveCfg = Release|Any CPU
		{AF5823CC-3E96-44C2-8704-F59E7C44DBF2}.Release|Any CPU.Build.0 = Release|Any CPU
		{E396A433-E54D-4110-AA5F-389BDFC7B53F}.Debug|Any CPU.ActiveCfg = Debug|Any CPU
		{E396A433-E54D-4110-AA5F-389BDFC7B53F}.Debug|Any CPU.Build.0 = Debug|Any CPU
		{E396A433-E54D-4110-AA5F-389BDFC7B53F}.Release|Any CPU.ActiveCfg = Release|Any CPU
		{E396A433-E54D-4110-AA5F-389BDFC7B53F}.Release|Any CPU.Build.0 = Release|Any CPU
	EndGlobalSection
	GlobalSection(SolutionProperties) = preSolution
		HideSolutionNode = FALSE
	EndGlobalSection
	GlobalSection(ExtensibilityGlobals) = postSolution
		SolutionGuid = {3BB96DF7-B1B8-4024-8B28-1A555AD3F1AD}
	EndGlobalSection
EndGlobal
